
Microsoft Visual Studio Solution File, Format Version 12.00
# Visual Studio Version 17
VisualStudioVersion = 17.2.32526.322
MinimumVisualStudioVersion = 10.0.40219.1
Project("{FAE04EC0-301F-11D3-BF4B-00C04F79EFBC}") = "CheckOut", "CheckOut\CheckOut.csproj", "{4353B8C4-3B42-4496-90C7-BA7BE1C56DCA}"
EndProject
Project("{FAE04EC0-301F-11D3-BF4B-00C04F79EFBC}") = "Checkout.Model", "Checkout.Model\Checkout.Model.csproj", "{4E7B778D-5141-44E9-829F-48E4E21144B5}"
EndProject
Project("{FAE04EC0-301F-11D3-BF4B-00C04F79EFBC}") = "Checkout.Repository", "Checkout.Repository\Checkout.Repository.csproj", "{F855E78C-C696-48D6-84DE-8240A310DB6E}"
EndProject
Project("{FAE04EC0-301F-11D3-BF4B-00C04F79EFBC}") = "Checkout.Service", "Checkout.Service\Checkout.Service.csproj", "{32E5315E-C8B8-4B6C-B360-D5C7091DB7E0}"
EndProject
Project("{FAE04EC0-301F-11D3-BF4B-00C04F79EFBC}") = "Checkout.Core", "Checkout.Core\Checkout.Core.csproj", "{39F9E7C9-8DC1-4120-AE40-376B563190CD}"
EndProject
Project("{FAE04EC0-301F-11D3-BF4B-00C04F79EFBC}") = "Checkout.ViewModels", "Checkout.ViewModels\Checkout.ViewModels.csproj", "{3F4D4E61-53FA-4216-BA87-98AE2AF49585}"
EndProject
Project("{2150E333-8FDC-42A3-9474-1A3956D46DE8}") = "Solution Items", "Solution Items", "{29E3FFED-8F4D-4E51-9857-0A718614FF3D}"
	ProjectSection(SolutionItems) = preProject
		.editorconfig = .editorconfig
	EndProjectSection
EndProject
Global
	GlobalSection(SolutionConfigurationPlatforms) = preSolution
		Debug|Any CPU = Debug|Any CPU
		Release|Any CPU = Release|Any CPU
	EndGlobalSection
	GlobalSection(ProjectConfigurationPlatforms) = postSolution
		{4353B8C4-3B42-4496-90C7-BA7BE1C56DCA}.Debug|Any CPU.ActiveCfg = Debug|Any CPU
		{4353B8C4-3B42-4496-90C7-BA7BE1C56DCA}.Debug|Any CPU.Build.0 = Debug|Any CPU
		{4353B8C4-3B42-4496-90C7-BA7BE1C56DCA}.Release|Any CPU.ActiveCfg = Release|Any CPU
		{4353B8C4-3B42-4496-90C7-BA7BE1C56DCA}.Release|Any CPU.Build.0 = Release|Any CPU
		{4E7B778D-5141-44E9-829F-48E4E21144B5}.Debug|Any CPU.ActiveCfg = Debug|Any CPU
		{4E7B778D-5141-44E9-829F-48E4E21144B5}.Debug|Any CPU.Build.0 = Debug|Any CPU
		{4E7B778D-5141-44E9-829F-48E4E21144B5}.Release|Any CPU.ActiveCfg = Release|Any CPU
		{4E7B778D-5141-44E9-829F-48E4E21144B5}.Release|Any CPU.Build.0 = Release|Any CPU
		{F855E78C-C696-48D6-84DE-8240A310DB6E}.Debug|Any CPU.ActiveCfg = Debug|Any CPU
		{F855E78C-C696-48D6-84DE-8240A310DB6E}.Debug|Any CPU.Build.0 = Debug|Any CPU
		{F855E78C-C696-48D6-84DE-8240A310DB6E}.Release|Any CPU.ActiveCfg = Release|Any CPU
		{F855E78C-C696-48D6-84DE-8240A310DB6E}.Release|Any CPU.Build.0 = Release|Any CPU
		{32E5315E-C8B8-4B6C-B360-D5C7091DB7E0}.Debug|Any CPU.ActiveCfg = Debug|Any CPU
		{32E5315E-C8B8-4B6C-B360-D5C7091DB7E0}.Debug|Any CPU.Build.0 = Debug|Any CPU
		{32E5315E-C8B8-4B6C-B360-D5C7091DB7E0}.Release|Any CPU.ActiveCfg = Release|Any CPU
		{32E5315E-C8B8-4B6C-B360-D5C7091DB7E0}.Release|Any CPU.Build.0 = Release|Any CPU
		{39F9E7C9-8DC1-4120-AE40-376B563190CD}.Debug|Any CPU.ActiveCfg = Debug|Any CPU
		{39F9E7C9-8DC1-4120-AE40-376B563190CD}.Debug|Any CPU.Build.0 = Debug|Any CPU
		{39F9E7C9-8DC1-4120-AE40-376B563190CD}.Release|Any CPU.ActiveCfg = Release|Any CPU
		{39F9E7C9-8DC1-4120-AE40-376B563190CD}.Release|Any CPU.Build.0 = Release|Any CPU
		{3F4D4E61-53FA-4216-BA87-98AE2AF49585}.Debug|Any CPU.ActiveCfg = Debug|Any CPU
		{3F4D4E61-53FA-4216-BA87-98AE2AF49585}.Debug|Any CPU.Build.0 = Debug|Any CPU
		{3F4D4E61-53FA-4216-BA87-98AE2AF49585}.Release|Any CPU.ActiveCfg = Release|Any CPU
		{3F4D4E61-53FA-4216-BA87-98AE2AF49585}.Release|Any CPU.Build.0 = Release|Any CPU
	EndGlobalSection
	GlobalSection(SolutionProperties) = preSolution
		HideSolutionNode = FALSE
	EndGlobalSection
	GlobalSection(ExtensibilityGlobals) = postSolution
		SolutionGuid = {7C671F88-51D3-4137-B855-70810EE1A893}
	EndGlobalSection
EndGlobal
